
Microsoft Visual Studio Solution File, Format Version 12.00
# Visual Studio Version 17
VisualStudioVersion = 17.14.36202.13
MinimumVisualStudioVersion = 10.0.40219.1
Project("{FAE04EC0-301F-11D3-BF4B-00C04F79EFBC}") = "WanderQuest", "WanderQuest\WanderQuest.csproj", "{56C86C59-A3F5-4706-8F2A-7BD6E33F0F01}"
EndProject
Project("{FAE04EC0-301F-11D3-BF4B-00C04F79EFBC}") = "WanderQuest.Shared", "WanderQuest.Shared\WanderQuest.Shared.csproj", "{93F6B433-6BF0-893F-9684-A0BC029B3981}"
EndProject
Project("{FAE04EC0-301F-11D3-BF4B-00C04F79EFBC}") = "WanderQuest.Application", "WanderQuest.Application\WanderQuest.Application.csproj", "{3CC9F43C-1E5F-00E4-CD65-7CF44F0FC2D8}"
EndProject
Project("{FAE04EC0-301F-11D3-BF4B-00C04F79EFBC}") = "WanderQuest.Infrastructure", "WanderQuest.Infrastructure\WanderQuest.Infrastructure.csproj", "{23C0DDD1-28ED-C476-3A7A-2ECC94B3AD00}"
EndProject
Project("{FAE04EC0-301F-11D3-BF4B-00C04F79EFBC}") = "WanderQuest.Core", "WanderQuest.Core\WanderQuest.Core.csproj", "{404EF540-911C-4467-BB13-2DDBC5990D34}"
EndProject
Global
	GlobalSection(SolutionConfigurationPlatforms) = preSolution
		Debug|Any CPU = Debug|Any CPU
		Release|Any CPU = Release|Any CPU
	EndGlobalSection
	GlobalSection(ProjectConfigurationPlatforms) = postSolution
		{56C86C59-A3F5-4706-8F2A-7BD6E33F0F01}.Debug|Any CPU.ActiveCfg = Debug|Any CPU
		{56C86C59-A3F5-4706-8F2A-7BD6E33F0F01}.Debug|Any CPU.Build.0 = Debug|Any CPU
		{56C86C59-A3F5-4706-8F2A-7BD6E33F0F01}.Release|Any CPU.ActiveCfg = Release|Any CPU
		{56C86C59-A3F5-4706-8F2A-7BD6E33F0F01}.Release|Any CPU.Build.0 = Release|Any CPU
		{93F6B433-6BF0-893F-9684-A0BC029B3981}.Debug|Any CPU.ActiveCfg = Debug|Any CPU
		{93F6B433-6BF0-893F-9684-A0BC029B3981}.Debug|Any CPU.Build.0 = Debug|Any CPU
		{93F6B433-6BF0-893F-9684-A0BC029B3981}.Release|Any CPU.ActiveCfg = Release|Any CPU
		{93F6B433-6BF0-893F-9684-A0BC029B3981}.Release|Any CPU.Build.0 = Release|Any CPU
		{3CC9F43C-1E5F-00E4-CD65-7CF44F0FC2D8}.Debug|Any CPU.ActiveCfg = Debug|Any CPU
		{3CC9F43C-1E5F-00E4-CD65-7CF44F0FC2D8}.Debug|Any CPU.Build.0 = Debug|Any CPU
		{3CC9F43C-1E5F-00E4-CD65-7CF44F0FC2D8}.Release|Any CPU.ActiveCfg = Release|Any CPU
		{3CC9F43C-1E5F-00E4-CD65-7CF44F0FC2D8}.Release|Any CPU.Build.0 = Release|Any CPU
		{23C0DDD1-28ED-C476-3A7A-2ECC94B3AD00}.Debug|Any CPU.ActiveCfg = Debug|Any CPU
		{23C0DDD1-28ED-C476-3A7A-2ECC94B3AD00}.Debug|Any CPU.Build.0 = Debug|Any CPU
		{23C0DDD1-28ED-C476-3A7A-2ECC94B3AD00}.Release|Any CPU.ActiveCfg = Release|Any CPU
		{23C0DDD1-28ED-C476-3A7A-2ECC94B3AD00}.Release|Any CPU.Build.0 = Release|Any CPU
		{404EF540-911C-4467-BB13-2DDBC5990D34}.Debug|Any CPU.ActiveCfg = Debug|Any CPU
		{404EF540-911C-4467-BB13-2DDBC5990D34}.Debug|Any CPU.Build.0 = Debug|Any CPU
		{404EF540-911C-4467-BB13-2DDBC5990D34}.Release|Any CPU.ActiveCfg = Release|Any CPU
		{404EF540-911C-4467-BB13-2DDBC5990D34}.Release|Any CPU.Build.0 = Release|Any CPU
	EndGlobalSection
	GlobalSection(SolutionProperties) = preSolution
		HideSolutionNode = FALSE
	EndGlobalSection
	GlobalSection(ExtensibilityGlobals) = postSolution
		SolutionGuid = {DF9D46FC-CBE8-4DDA-9607-89F421AB50E2}
	EndGlobalSection
EndGlobal
